
Microsoft Visual Studio Solution File, Format Version 12.00
# Visual Studio Version 17
VisualStudioVersion = 17.8.34316.72
MinimumVisualStudioVersion = 10.0.40219.1
Project("{FAE04EC0-301F-11D3-BF4B-00C04F79EFBC}") = "EmployeesVacationTracker.Server", "EmployeesVacationTracker.Server\EmployeesVacationTracker.Server.csproj", "{149E38E6-0C86-45D1-B8A3-B56F4AC28AD5}"
EndProject
Project("{54A90642-561A-4BB1-A94E-469ADEE60C69}") = "employeesvacationtracker.client", "employeesvacationtracker.client\employeesvacationtracker.client.esproj", "{AB6A8F24-3186-4218-BFC2-DA807F3A9522}"
EndProject
Global
	GlobalSection(SolutionConfigurationPlatforms) = preSolution
		Debug|Any CPU = Debug|Any CPU
		Release|Any CPU = Release|Any CPU
	EndGlobalSection
	GlobalSection(ProjectConfigurationPlatforms) = postSolution
		{149E38E6-0C86-45D1-B8A3-B56F4AC28AD5}.Debug|Any CPU.ActiveCfg = Debug|Any CPU
		{149E38E6-0C86-45D1-B8A3-B56F4AC28AD5}.Debug|Any CPU.Build.0 = Debug|Any CPU
		{149E38E6-0C86-45D1-B8A3-B56F4AC28AD5}.Release|Any CPU.ActiveCfg = Release|Any CPU
		{149E38E6-0C86-45D1-B8A3-B56F4AC28AD5}.Release|Any CPU.Build.0 = Release|Any CPU
		{AB6A8F24-3186-4218-BFC2-DA807F3A9522}.Debug|Any CPU.ActiveCfg = Debug|Any CPU
		{AB6A8F24-3186-4218-BFC2-DA807F3A9522}.Debug|Any CPU.Build.0 = Debug|Any CPU
		{AB6A8F24-3186-4218-BFC2-DA807F3A9522}.Debug|Any CPU.Deploy.0 = Debug|Any CPU
		{AB6A8F24-3186-4218-BFC2-DA807F3A9522}.Release|Any CPU.ActiveCfg = Release|Any CPU
		{AB6A8F24-3186-4218-BFC2-DA807F3A9522}.Release|Any CPU.Build.0 = Release|Any CPU
		{AB6A8F24-3186-4218-BFC2-DA807F3A9522}.Release|Any CPU.Deploy.0 = Release|Any CPU
	EndGlobalSection
	GlobalSection(SolutionProperties) = preSolution
		HideSolutionNode = FALSE
	EndGlobalSection
	GlobalSection(ExtensibilityGlobals) = postSolution
		SolutionGuid = {2D93898A-7719-473E-9C3D-42522E8EEB8E}
	EndGlobalSection
EndGlobal
